
Microsoft Visual Studio Solution File, Format Version 12.00
# Visual Studio Version 16
VisualStudioVersion = 16.0.28803.352
MinimumVisualStudioVersion = 10.0.40219.1
Project("{FAE04EC0-301F-11D3-BF4B-00C04F79EFBC}") = "Inventory System", "Inventory System\Inventory System.csproj", "{25301D24-A519-4178-AA8E-4647D8CBC895}"
EndProject
Global
	GlobalSection(SolutionConfigurationPlatforms) = preSolution
		Debug|Any CPU = Debug|Any CPU
		Release|Any CPU = Release|Any CPU
	EndGlobalSection
	GlobalSection(ProjectConfigurationPlatforms) = postSolution
		{25301D24-A519-4178-AA8E-4647D8CBC895}.Debug|Any CPU.ActiveCfg = Debug|Any CPU
		{25301D24-A519-4178-AA8E-4647D8CBC895}.Debug|Any CPU.Build.0 = Debug|Any CPU
		{25301D24-A519-4178-AA8E-4647D8CBC895}.Release|Any CPU.ActiveCfg = Release|Any CPU
		{25301D24-A519-4178-AA8E-4647D8CBC895}.Release|Any CPU.Build.0 = Release|Any CPU
	EndGlobalSection
	GlobalSection(SolutionProperties) = preSolution
		HideSolutionNode = FALSE
	EndGlobalSection
	GlobalSection(ExtensibilityGlobals) = postSolution
		SolutionGuid = {F43E02BB-640E-47D5-8D24-ADAC7AF8BEE1}
	EndGlobalSection
EndGlobal
